
Microsoft Visual Studio Solution File, Format Version 12.00
# Visual Studio Version 16
VisualStudioVersion = 16.0.29418.71
MinimumVisualStudioVersion = 10.0.40219.1
Project("{FAE04EC0-301F-11D3-BF4B-00C04F79EFBC}") = "OdeToFood", "OdeToFood\OdeToFood.csproj", "{BD9B9EAA-3839-4656-A8B6-BB6E17F4D3C6}"
EndProject
Project("{FAE04EC0-301F-11D3-BF4B-00C04F79EFBC}") = "OdeToFood.Core", "OdeToFood.Core\OdeToFood.Core.csproj", "{22C68331-6D2E-431C-9DD1-79A53C94F73B}"
EndProject
Project("{FAE04EC0-301F-11D3-BF4B-00C04F79EFBC}") = "OdeToFood.Data", "OdeToFood.Data\OdeToFood.Data.csproj", "{40C8D348-EEAE-4FEB-B51C-B14849AF03A5}"
EndProject
Global
	GlobalSection(SolutionConfigurationPlatforms) = preSolution
		Debug|Any CPU = Debug|Any CPU
		Release|Any CPU = Release|Any CPU
	EndGlobalSection
	GlobalSection(ProjectConfigurationPlatforms) = postSolution
		{BD9B9EAA-3839-4656-A8B6-BB6E17F4D3C6}.Debug|Any CPU.ActiveCfg = Debug|Any CPU
		{BD9B9EAA-3839-4656-A8B6-BB6E17F4D3C6}.Debug|Any CPU.Build.0 = Debug|Any CPU
		{BD9B9EAA-3839-4656-A8B6-BB6E17F4D3C6}.Release|Any CPU.ActiveCfg = Release|Any CPU
		{BD9B9EAA-3839-4656-A8B6-BB6E17F4D3C6}.Release|Any CPU.Build.0 = Release|Any CPU
		{22C68331-6D2E-431C-9DD1-79A53C94F73B}.Debug|Any CPU.ActiveCfg = Debug|Any CPU
		{22C68331-6D2E-431C-9DD1-79A53C94F73B}.Debug|Any CPU.Build.0 = Debug|Any CPU
		{22C68331-6D2E-431C-9DD1-79A53C94F73B}.Release|Any CPU.ActiveCfg = Release|Any CPU
		{22C68331-6D2E-431C-9DD1-79A53C94F73B}.Release|Any CPU.Build.0 = Release|Any CPU
		{40C8D348-EEAE-4FEB-B51C-B14849AF03A5}.Debug|Any CPU.ActiveCfg = Debug|Any CPU
		{40C8D348-EEAE-4FEB-B51C-B14849AF03A5}.Debug|Any CPU.Build.0 = Debug|Any CPU
		{40C8D348-EEAE-4FEB-B51C-B14849AF03A5}.Release|Any CPU.ActiveCfg = Release|Any CPU
		{40C8D348-EEAE-4FEB-B51C-B14849AF03A5}.Release|Any CPU.Build.0 = Release|Any CPU
	EndGlobalSection
	GlobalSection(SolutionProperties) = preSolution
		HideSolutionNode = FALSE
	EndGlobalSection
	GlobalSection(ExtensibilityGlobals) = postSolution
		SolutionGuid = {D78FC72F-4868-41FA-8B59-6799AFB1A93A}
	EndGlobalSection
EndGlobal
